- platform: template
  sensors:
    door_hallway:
      friendly_name: "Входная дверь"
      device_class: door
      value_template: >-
        {{ is_state('binary_sensor.aqara_door_hallway_1_contact', 'on') }}

    window_workroom:
      friendly_name: "Окно в кабинете"
      device_class: window
      value_template: >-
        {{ is_state('binary_sensor.aqara_window_workroom_1_contact', 'on') }}

    window_bedroom:
      friendly_name: "Окно в спальне"
      device_class: window
      value_template: >-
        {{ is_state('binary_sensor.aqara_window_bedroom_1_contact', 'on') }}

    windows:
      friendly_name: "Окна"
      device_class: window
      value_template: >-
        {{ is_state('binary_sensor.aqara_window_bedroom_1_contact', 'on') or is_state('binary_sensor.aqara_window_workroom_1_contact', 'on') }}
